Microsoft Visual Studio Solution File, Format Version 11.00
# Visual Studio 2008

Project("{039AE7B6-2C37-EA17-5C5C-61DA36E29555}") = "wackathon2016", "Assembly-CSharp.csproj", "{2C3E00D1-8BCB-CAE7-1A98-B5E2AC63A7CB}"
EndProject
Global
	GlobalSection(SolutionConfigurationPlatforms) = preSolution
		Debug|Any CPU = Debug|Any CPU
		Release|Any CPU = Release|Any CPU
	EndGlobalSection
	GlobalSection(ProjectConfigurationPlatforms) = postSolution
		{2C3E00D1-8BCB-CAE7-1A98-B5E2AC63A7CB}.Debug|Any CPU.ActiveCfg = Debug|Any CPU
		{2C3E00D1-8BCB-CAE7-1A98-B5E2AC63A7CB}.Debug|Any CPU.Build.0 = Debug|Any CPU
		{2C3E00D1-8BCB-CAE7-1A98-B5E2AC63A7CB}.Release|Any CPU.ActiveCfg = Release|Any CPU
		{2C3E00D1-8BCB-CAE7-1A98-B5E2AC63A7CB}.Release|Any CPU.Build.0 = Release|Any CPU
	EndGlobalSection
	GlobalSection(SolutionProperties) = preSolution
		HideSolutionNode = FALSE
	EndGlobalSection
	GlobalSection(MonoDevelopProperties) = preSolution
		StartupItem = Assembly-CSharp.csproj
	EndGlobalSection
EndGlobal
